
Microsoft Visual Studio Solution File, Format Version 12.00
# Visual Studio 15
VisualStudioVersion = 15.0.28307.421
MinimumVisualStudioVersion = 10.0.40219.1
Project("{D954291E-2A0B-460D-934E-DC6B0785DB48}") = "Uno.LottieSamples.Shared", "Uno.LottieSamples\Uno.LottieSamples.Shared\Uno.LottieSamples.Shared.shproj", "{6279C845-92F8-4333-AB99-3D213163593C}"
EndProject
Project("{FAE04EC0-301F-11D3-BF4B-00C04F79EFBC}") = "Uno.LottieSamples.UWP", "Uno.LottieSamples\Uno.LottieSamples.UWP\Uno.LottieSamples.UWP.csproj", "{6AB50ED0-6273-4919-9ADE-50195664EF15}"
EndProject
Project("{9A19103F-16F7-4668-BE54-9A1E7A4F7556}") = "Uno.LottieSamples.Wasm", "Uno.LottieSamples\Uno.LottieSamples.Wasm\Uno.LottieSamples.Wasm.csproj", "{5B1E6697-1B03-4A41-AE3C-AC75CFB6E210}"
EndProject
Global
	GlobalSection(SharedMSBuildProjectFiles) = preSolution
		Uno.LottieSamples\Uno.LottieSamples.Shared\Uno.LottieSamples.Shared.projitems*{6279c845-92f8-4333-ab99-3d213163593c}*SharedItemsImports = 13
		Uno.LottieSamples\Uno.LottieSamples.Shared\Uno.LottieSamples.Shared.projitems*{6ab50ed0-6273-4919-9ade-50195664ef15}*SharedItemsImports = 4
	EndGlobalSection
	GlobalSection(SolutionConfigurationPlatforms) = preSolution
		Ad-Hoc|Any CPU = Ad-Hoc|Any CPU
		Ad-Hoc|ARM = Ad-Hoc|ARM
		Ad-Hoc|iPhone = Ad-Hoc|iPhone
		Ad-Hoc|iPhoneSimulator = Ad-Hoc|iPhoneSimulator
		Ad-Hoc|x64 = Ad-Hoc|x64
		Ad-Hoc|x86 = Ad-Hoc|x86
		AppStore|Any CPU = AppStore|Any CPU
		AppStore|ARM = AppStore|ARM
		AppStore|iPhone = AppStore|iPhone
		AppStore|iPhoneSimulator = AppStore|iPhoneSimulator
		AppStore|x64 = AppStore|x64
		AppStore|x86 = AppStore|x86
		Debug|Any CPU = Debug|Any CPU
		Debug|ARM = Debug|ARM
		Debug|iPhone = Debug|iPhone
		Debug|iPhoneSimulator = Debug|iPhoneSimulator
		Debug|x64 = Debug|x64
		Debug|x86 = Debug|x86
		Release|Any CPU = Release|Any CPU
		Release|ARM = Release|ARM
		Release|iPhone = Release|iPhone
		Release|iPhoneSimulator = Release|iPhoneSimulator
		Release|x64 = Release|x64
		Release|x86 = Release|x86
	EndGlobalSection
	GlobalSection(ProjectConfigurationPlatforms) = postSolution
		{6AB50ED0-6273-4919-9ADE-50195664EF15}.Ad-Hoc|Any CPU.ActiveCfg = Release|x64
		{6AB50ED0-6273-4919-9ADE-50195664EF15}.Ad-Hoc|Any CPU.Build.0 = Release|x64
		{6AB50ED0-6273-4919-9ADE-50195664EF15}.Ad-Hoc|Any CPU.Deploy.0 = Release|x64
		{6AB50ED0-6273-4919-9ADE-50195664EF15}.Ad-Hoc|ARM.ActiveCfg = Release|ARM
		{6AB50ED0-6273-4919-9ADE-50195664EF15}.Ad-Hoc|ARM.Build.0 = Release|ARM
		{6AB50ED0-6273-4919-9ADE-50195664EF15}.Ad-Hoc|ARM.Deploy.0 = Release|ARM
		{6AB50ED0-6273-4919-9ADE-50195664EF15}.Ad-Hoc|iPhone.ActiveCfg = Release|x64
		{6AB50ED0-6273-4919-9ADE-50195664EF15}.Ad-Hoc|iPhone.Build.0 = Release|x64
		{6AB50ED0-6273-4919-9ADE-50195664EF15}.Ad-Hoc|iPhone.Deploy.0 = Release|x64
		{6AB50ED0-6273-4919-9ADE-50195664EF15}.Ad-Hoc|iPhoneSimulator.ActiveCfg = Release|x64
		{6AB50ED0-6273-4919-9ADE-50195664EF15}.Ad-Hoc|iPhoneSimulator.Build.0 = Release|x64
		{6AB50ED0-6273-4919-9ADE-50195664EF15}.Ad-Hoc|iPhoneSimulator.Deploy.0 = Release|x64
		{6AB50ED0-6273-4919-9ADE-50195664EF15}.Ad-Hoc|x64.ActiveCfg = Release|x64
		{6AB50ED0-6273-4919-9ADE-50195664EF15}.Ad-Hoc|x64.Build.0 = Release|x64
		{6AB50ED0-6273-4919-9ADE-50195664EF15}.Ad-Hoc|x64.Deploy.0 = Release|x64
		{6AB50ED0-6273-4919-9ADE-50195664EF15}.Ad-Hoc|x86.ActiveCfg = Release|x86
		{6AB50ED0-6273-4919-9ADE-50195664EF15}.Ad-Hoc|x86.Build.0 = Release|x86
		{6AB50ED0-6273-4919-9ADE-50195664EF15}.Ad-Hoc|x86.Deploy.0 = Release|x86
		{6AB50ED0-6273-4919-9ADE-50195664EF15}.AppStore|Any CPU.ActiveCfg = Release|x64
		{6AB50ED0-6273-4919-9ADE-50195664EF15}.AppStore|Any CPU.Build.0 = Release|x64
		{6AB50ED0-6273-4919-9ADE-50195664EF15}.AppStore|Any CPU.Deploy.0 = Release|x64
		{6AB50ED0-6273-4919-9ADE-50195664EF15}.AppStore|ARM.ActiveCfg = Release|ARM
		{6AB50ED0-6273-4919-9ADE-50195664EF15}.AppStore|ARM.Build.0 = Release|ARM
		{6AB50ED0-6273-4919-9ADE-50195664EF15}.AppStore|ARM.Deploy.0 = Release|ARM
		{6AB50ED0-6273-4919-9ADE-50195664EF15}.AppStore|iPhone.ActiveCfg = Release|x64
		{6AB50ED0-6273-4919-9ADE-50195664EF15}.AppStore|iPhone.Build.0 = Release|x64
		{6AB50ED0-6273-4919-9ADE-50195664EF15}.AppStore|iPhone.Deploy.0 = Release|x64
		{6AB50ED0-6273-4919-9ADE-50195664EF15}.AppStore|iPhoneSimulator.ActiveCfg = Release|x64
		{6AB50ED0-6273-4919-9ADE-50195664EF15}.AppStore|iPhoneSimulator.Build.0 = Release|x64
		{6AB50ED0-6273-4919-9ADE-50195664EF15}.AppStore|iPhoneSimulator.Deploy.0 = Release|x64
		{6AB50ED0-6273-4919-9ADE-50195664EF15}.AppStore|x64.ActiveCfg = Release|x64
		{6AB50ED0-6273-4919-9ADE-50195664EF15}.AppStore|x64.Build.0 = Release|x64
		{6AB50ED0-6273-4919-9ADE-50195664EF15}.AppStore|x64.Deploy.0 = Release|x64
		{6AB50ED0-6273-4919-9ADE-50195664EF15}.AppStore|x86.ActiveCfg = Release|x86
		{6AB50ED0-6273-4919-9ADE-50195664EF15}.AppStore|x86.Build.0 = Release|x86
		{6AB50ED0-6273-4919-9ADE-50195664EF15}.AppStore|x86.Deploy.0 = Release|x86
		{6AB50ED0-6273-4919-9ADE-50195664EF15}.Debug|Any CPU.ActiveCfg = Debug|x86
		{6AB50ED0-6273-4919-9ADE-50195664EF15}.Debug|Any CPU.Build.0 = Debug|x86
		{6AB50ED0-6273-4919-9ADE-50195664EF15}.Debug|Any CPU.Deploy.0 = Debug|x86
		{6AB50ED0-6273-4919-9ADE-50195664EF15}.Debug|ARM.ActiveCfg = Debug|ARM
		{6AB50ED0-6273-4919-9ADE-50195664EF15}.Debug|ARM.Build.0 = Debug|ARM
		{6AB50ED0-6273-4919-9ADE-50195664EF15}.Debug|ARM.Deploy.0 = Debug|ARM
		{6AB50ED0-6273-4919-9ADE-50195664EF15}.Debug|iPhone.ActiveCfg = Debug|x86
		{6AB50ED0-6273-4919-9ADE-50195664EF15}.Debug|iPhoneSimulator.ActiveCfg = Debug|x86
		{6AB50ED0-6273-4919-9ADE-50195664EF15}.Debug|x64.ActiveCfg = Debug|x64
		{6AB50ED0-6273-4919-9ADE-50195664EF15}.Debug|x64.Build.0 = Debug|x64
		{6AB50ED0-6273-4919-9ADE-50195664EF15}.Debug|x64.Deploy.0 = Debug|x64
		{6AB50ED0-6273-4919-9ADE-50195664EF15}.Debug|x86.ActiveCfg = Debug|x86
		{6AB50ED0-6273-4919-9ADE-50195664EF15}.Debug|x86.Build.0 = Debug|x86
		{6AB50ED0-6273-4919-9ADE-50195664EF15}.Debug|x86.Deploy.0 = Debug|x86
		{6AB50ED0-6273-4919-9ADE-50195664EF15}.Release|Any CPU.ActiveCfg = Release|x86
		{6AB50ED0-6273-4919-9ADE-50195664EF15}.Release|ARM.ActiveCfg = Release|ARM
		{6AB50ED0-6273-4919-9ADE-50195664EF15}.Release|ARM.Build.0 = Release|ARM
		{6AB50ED0-6273-4919-9ADE-50195664EF15}.Release|ARM.Deploy.0 = Release|ARM
		{6AB50ED0-6273-4919-9ADE-50195664EF15}.Release|iPhone.ActiveCfg = Release|x86
		{6AB50ED0-6273-4919-9ADE-50195664EF15}.Release|iPhoneSimulator.ActiveCfg = Release|x86
		{6AB50ED0-6273-4919-9ADE-50195664EF15}.Release|x64.ActiveCfg = Release|x64
		{6AB50ED0-6273-4919-9ADE-50195664EF15}.Release|x64.Build.0 = Release|x64
		{6AB50ED0-6273-4919-9ADE-50195664EF15}.Release|x64.Deploy.0 = Release|x64
		{6AB50ED0-6273-4919-9ADE-50195664EF15}.Release|x86.ActiveCfg = Release|x86
		{6AB50ED0-6273-4919-9ADE-50195664EF15}.Release|x86.Build.0 = Release|x86
		{6AB50ED0-6273-4919-9ADE-50195664EF15}.Release|x86.Deploy.0 = Release|x86
		{5B1E6697-1B03-4A41-AE3C-AC75CFB6E210}.Ad-Hoc|Any CPU.ActiveCfg = Debug|Any CPU
		{5B1E6697-1B03-4A41-AE3C-AC75CFB6E210}.Ad-Hoc|Any CPU.Build.0 = Debug|Any CPU
		{5B1E6697-1B03-4A41-AE3C-AC75CFB6E210}.Ad-Hoc|ARM.ActiveCfg = Debug|Any CPU
		{5B1E6697-1B03-4A41-AE3C-AC75CFB6E210}.Ad-Hoc|ARM.Build.0 = Debug|Any CPU
		{5B1E6697-1B03-4A41-AE3C-AC75CFB6E210}.Ad-Hoc|iPhone.ActiveCfg = Debug|Any CPU
		{5B1E6697-1B03-4A41-AE3C-AC75CFB6E210}.Ad-Hoc|iPhone.Build.0 = Debug|Any CPU
		{5B1E6697-1B03-4A41-AE3C-AC75CFB6E210}.Ad-Hoc|iPhoneSimulator.ActiveCfg = Debug|Any CPU
		{5B1E6697-1B03-4A41-AE3C-AC75CFB6E210}.Ad-Hoc|iPhoneSimulator.Build.0 = Debug|Any CPU
		{5B1E6697-1B03-4A41-AE3C-AC75CFB6E210}.Ad-Hoc|x64.ActiveCfg = Debug|Any CPU
		{5B1E6697-1B03-4A41-AE3C-AC75CFB6E210}.Ad-Hoc|x64.Build.0 = Debug|Any CPU
		{5B1E6697-1B03-4A41-AE3C-AC75CFB6E210}.Ad-Hoc|x86.ActiveCfg = Debug|Any CPU
		{5B1E6697-1B03-4A41-AE3C-AC75CFB6E210}.Ad-Hoc|x86.Build.0 = Debug|Any CPU
		{5B1E6697-1B03-4A41-AE3C-AC75CFB6E210}.AppStore|Any CPU.ActiveCfg = Debug|Any CPU
		{5B1E6697-1B03-4A41-AE3C-AC75CFB6E210}.AppStore|Any CPU.Build.0 = Debug|Any CPU
		{5B1E6697-1B03-4A41-AE3C-AC75CFB6E210}.AppStore|ARM.ActiveCfg = Debug|Any CPU
		{5B1E6697-1B03-4A41-AE3C-AC75CFB6E210}.AppStore|ARM.Build.0 = Debug|Any CPU
		{5B1E6697-1B03-4A41-AE3C-AC75CFB6E210}.AppStore|iPhone.ActiveCfg = Debug|Any CPU
		{5B1E6697-1B03-4A41-AE3C-AC75CFB6E210}.AppStore|iPhone.Build.0 = Debug|Any CPU
		{5B1E6697-1B03-4A41-AE3C-AC75CFB6E210}.AppStore|iPhoneSimulator.ActiveCfg = Debug|Any CPU
		{5B1E6697-1B03-4A41-AE3C-AC75CFB6E210}.AppStore|iPhoneSimulator.Build.0 = Debug|Any CPU
		{5B1E6697-1B03-4A41-AE3C-AC75CFB6E210}.AppStore|x64.ActiveCfg = Debug|Any CPU
		{5B1E6697-1B03-4A41-AE3C-AC75CFB6E210}.AppStore|x64.Build.0 = Debug|Any CPU
		{5B1E6697-1B03-4A41-AE3C-AC75CFB6E210}.AppStore|x86.ActiveCfg = Debug|Any CPU
		{5B1E6697-1B03-4A41-AE3C-AC75CFB6E210}.AppStore|x86.Build.0 = Debug|Any CPU
		{5B1E6697-1B03-4A41-AE3C-AC75CFB6E210}.Debug|Any CPU.ActiveCfg = Debug|Any CPU
		{5B1E6697-1B03-4A41-AE3C-AC75CFB6E210}.Debug|Any CPU.Build.0 = Debug|Any CPU
		{5B1E6697-1B03-4A41-AE3C-AC75CFB6E210}.Debug|ARM.ActiveCfg = Debug|Any CPU
		{5B1E6697-1B03-4A41-AE3C-AC75CFB6E210}.Debug|ARM.Build.0 = Debug|Any CPU
		{5B1E6697-1B03-4A41-AE3C-AC75CFB6E210}.Debug|iPhone.ActiveCfg = Debug|Any CPU
		{5B1E6697-1B03-4A41-AE3C-AC75CFB6E210}.Debug|iPhone.Build.0 = Debug|Any CPU
		{5B1E6697-1B03-4A41-AE3C-AC75CFB6E210}.Debug|iPhoneSimulator.ActiveCfg = Debug|Any CPU
		{5B1E6697-1B03-4A41-AE3C-AC75CFB6E210}.Debug|iPhoneSimulator.Build.0 = Debug|Any CPU
		{5B1E6697-1B03-4A41-AE3C-AC75CFB6E210}.Debug|x64.ActiveCfg = Debug|Any CPU
		{5B1E6697-1B03-4A41-AE3C-AC75CFB6E210}.Debug|x64.Build.0 = Debug|Any CPU
		{5B1E6697-1B03-4A41-AE3C-AC75CFB6E210}.Debug|x86.ActiveCfg = Debug|Any CPU
		{5B1E6697-1B03-4A41-AE3C-AC75CFB6E210}.Debug|x86.Build.0 = Debug|Any CPU
		{5B1E6697-1B03-4A41-AE3C-AC75CFB6E210}.Release|Any CPU.ActiveCfg = Release|Any CPU
		{5B1E6697-1B03-4A41-AE3C-AC75CFB6E210}.Release|Any CPU.Build.0 = Release|Any CPU
		{5B1E6697-1B03-4A41-AE3C-AC75CFB6E210}.Release|ARM.ActiveCfg = Release|Any CPU
		{5B1E6697-1B03-4A41-AE3C-AC75CFB6E210}.Release|ARM.Build.0 = Release|Any CPU
		{5B1E6697-1B03-4A41-AE3C-AC75CFB6E210}.Release|iPhone.ActiveCfg = Release|Any CPU
		{5B1E6697-1B03-4A41-AE3C-AC75CFB6E210}.Release|iPhone.Build.0 = Release|Any CPU
		{5B1E6697-1B03-4A41-AE3C-AC75CFB6E210}.Release|iPhoneSimulator.ActiveCfg = Release|Any CPU
		{5B1E6697-1B03-4A41-AE3C-AC75CFB6E210}.Release|iPhoneSimulator.Build.0 = Release|Any CPU
		{5B1E6697-1B03-4A41-AE3C-AC75CFB6E210}.Release|x64.ActiveCfg = Release|Any CPU
		{5B1E6697-1B03-4A41-AE3C-AC75CFB6E210}.Release|x64.Build.0 = Release|Any CPU
		{5B1E6697-1B03-4A41-AE3C-AC75CFB6E210}.Release|x86.ActiveCfg = Release|Any CPU
		{5B1E6697-1B03-4A41-AE3C-AC75CFB6E210}.Release|x86.Build.0 = Release|Any CPU
	EndGlobalSection
	GlobalSection(SolutionProperties) = preSolution
		HideSolutionNode = FALSE
	EndGlobalSection
	GlobalSection(ExtensibilityGlobals) = postSolution
		SolutionGuid = {7C136756-9C91-4ECF-A191-EC97046C039F}
	EndGlobalSection
EndGlobal
